# Generated by unbolt — do not edit
generated_at: '2026-04-19T10:11:43.166284+00:00'
source: Pedal v55.step
source_hash: sha256:dcf02ca7dd2984c46889dc5c8116688b38adb80383e1e16b52a6e680493050ed
unbolt_version: 0.1.0
parts:
  608zz:
    file: pedal/608zz.step
    geometry_hash: unbolt-v0:aede1a2d1ab3e53bddabe2a1281c48c74e0428a0e2742b676fa1648eb1708369
    file_hash: sha256:f887ac6e41facd8cb2a5696a78fac717bed7f13e3d40a86b9afcdc4331461915
    file_mtime: 1776593494.1957507
    export_pose: &id001
      origin_mm: [13.0, 60.0, -140.000000000001]
      x_axis: [1.0, 0.0, 0.0]
      y_axis: [0.0, 1.0, 0.0]
      z_axis: [0.0, 0.0, 1.0]
  steel_shaft:
    file: pedal/steel_shaft.step
    geometry_hash: unbolt-v0:8cb041ed2b727e37e8520e5ae032bd890882623b4c3a23df542ef60a57f2dd7e
    file_hash: sha256:6f8a0406d79f35678d6bcc57804e0a2e6106ba92d97b4dec63aa90d11efa5225
    file_mtime: 1776593482.3025506
    export_pose: &id002
      origin_mm: [0.0, 0.0, 0.0]
      x_axis: [1.0, 0.0, 0.0]
      y_axis: [0.0, 1.0, 0.0]
      z_axis: [0.0, 0.0, 1.0]
  8mm_rigid_flange_coupling_v2_f3d:
    file: pedal/8mm_rigid_flange_coupling_v2_f3d.step
    geometry_hash: unbolt-v0:e072efd04dcb1d4b7312b7c69fc34156656cdf4f05fd0725c531dbb909ea3dd9
    file_hash: sha256:4974d8e59f58aebc6641bb5ac8a898961fe1a95979900570e9f817b4b33ab8a2
    file_mtime: 1776593494.2133508
    export_pose: &id003
      origin_mm: [0.0, 60.0, -140.0]
      x_axis: [0.0, -1.0, 0.0]
      y_axis: [1.0, 0.0, 0.0]
      z_axis: [0.0, 0.0, 1.0]
  pedal_arm:
    file: pedal/pedal_arm.step
    geometry_hash: unbolt-v0:2888c0b8876fa2b7299d495a08cf737bf5250e874954c639f1a0468f506d9b95
    file_hash: sha256:8868fbfcdddf30584d9e50feef14d45a46b42223722ce40560729b7fcaa3ea9a
    file_mtime: 1776593482.3333504
    export_pose: &id004
      origin_mm: [0.0, 0.0, 0.0]
      x_axis: [1.0, 0.0, 0.0]
      y_axis: [0.0, 1.0, 0.0]
      z_axis: [0.0, 0.0, 1.0]
  toe_break_body:
    file: pedal/toe_break_body.step
    geometry_hash: unbolt-v0:23cab960efa06fdaf558ea6b89dece3cc40aba27bf0f8ad4a40e40fbe0d83de8
    file_hash: sha256:238d90e5bf4d7818ceb904dc8c5883022664d7c6d17beef648433e928b35af24
    file_mtime: 1776593482.3553505
    export_pose: &id005
      origin_mm: [0.0, 0.0, 0.0]
      x_axis: [1.0, 0.0, 0.0]
      y_axis: [0.0, 1.0, 0.0]
      z_axis: [0.0, 0.0, 1.0]
  toe_break_endcap:
    file: pedal/toe_break_endcap.step
    geometry_hash: unbolt-v0:528d603af7450682875fae58cfe41cb77ab28d0f19266b4cd959e5cf25a02d94
    file_hash: sha256:d68022f41f176e7fe7b0157ed25947d22314bfc4ca5ec2c025d09f6115a739a8
    file_mtime: 1776593482.3641505
    export_pose: &id006
      origin_mm: [156.0, 0.0, 0.0]
      x_axis: [-1.0, 0.0, 0.0]
      y_axis: [0.0, 1.0, 0.0]
      z_axis: [0.0, 0.0, -1.0]
  shaft_retainer:
    file: pedal/shaft_retainer.step
    geometry_hash: unbolt-v0:6419d632a786d1a9b937821e398710aba2d88e06f335a9229d64cc60e387ebc1
    file_hash: sha256:86245962e17715e671ce1575e17687a17708584e6242c3ab247503fdf0e433b7
    file_mtime: 1776593482.3729506
    export_pose: &id007
      origin_mm: [0.0, 0.0, 0.0]
      x_axis: [1.0, 0.0, 0.0]
      y_axis: [0.0, 1.0, 0.0]
      z_axis: [0.0, 0.0, 1.0]
  bearing_separator:
    file: pedal/bearing_separator.step
    geometry_hash: unbolt-v0:5630721028cc9d6dbc80eed0791535e3e355cd87af57aa2a0b77d524e2f85f93
    file_hash: sha256:6648e634f109b43752efbc2956f5e762fd01a9ea2a1c11a504845d349186193c
    file_mtime: 1776593482.3773506
    export_pose: &id008
      origin_mm: [0.0, 0.0, 0.0]
      x_axis: [1.0, 0.0, 0.0]
      y_axis: [0.0, 1.0, 0.0]
      z_axis: [0.0, 0.0, 1.0]
  pedal_barrel:
    file: pedal/pedal_barrel.step
    geometry_hash: unbolt-v0:c8102bc7e70061e38aeedf0762c0625f009573a66222034b5289103900b49ae3
    file_hash: sha256:0944872eb5a9c0394c1972e5a282f63b24d4a4cc257c4de26835480693ba2110
    file_mtime: 1776593482.7909505
    export_pose: &id009
      origin_mm: [0.0, 0.0, 0.0]
      x_axis: [1.0, 0.0, 0.0]
      y_axis: [0.0, 1.0, 0.0]
      z_axis: [0.0, 0.0, 1.0]
assembly:
  raw_name: Pedal_v55
  children:
  - raw_name: Pedal
    children:
    - raw_name: 608ZZ
      part: 608zz
      pose: *id001
    - raw_name: 608ZZ
      part: 608zz
      pose:
        origin_mm: [136.0, 60.0, -140.0]
        x_axis: [1.0, 0.0, 0.0]
        y_axis: [0.0, 1.0, 0.0]
        z_axis: [0.0, 0.0, 1.0]
    - raw_name: Steel_Shaft
      part: steel_shaft
      pose: *id002
    - raw_name: 8mm_Rigid_Flange_Coupling_v2_f3d__v1
      part: 8mm_rigid_flange_coupling_v2_f3d
      pose: *id003
    - raw_name: 8mm_Rigid_Flange_Coupling_v2_f3d__v1
      part: 8mm_rigid_flange_coupling_v2_f3d
      pose:
        origin_mm: [-5.0, 0.0, 0.0]
        x_axis: [0.0, 1.0, 0.0]
        y_axis: [-1.0, 0.0, 0.0]
        z_axis: [0.0, 0.0, 1.0]
    - raw_name: Pedal_Arm
      part: pedal_arm
      pose: *id004
    - raw_name: Toe_Breaks
      children:
      - raw_name: Toe_Break_Body
        part: toe_break_body
        pose: *id005
      - raw_name: Toe_Break_Endcap
        part: toe_break_endcap
        pose: *id006
    - raw_name: Shaft_Retainer
      part: shaft_retainer
      pose: *id007
    - raw_name: 608ZZ
      part: 608zz
      pose:
        origin_mm: [27.0, 60.0, -140.000000000001]
        x_axis: [1.0, 0.0, 0.0]
        y_axis: [0.0, 1.0, 0.0]
        z_axis: [0.0, 0.0, 1.0]
    - raw_name: Bearing_Separator
      part: bearing_separator
      pose: *id008
    - raw_name: 608ZZ
      part: 608zz
      pose:
        origin_mm: [125.0, 60.0, -140.000000000001]
        x_axis: [1.0, 0.0, 0.0]
        y_axis: [0.0, 1.0, 0.0]
        z_axis: [0.0, 0.0, 1.0]
    - raw_name: Pedal_Barrel
      part: pedal_barrel
      pose: *id009
