# Generated by unbolt — do not edit
generated_at: '2026-04-19T10:12:50.263349+00:00'
source: Pedal v59.step
source_hash: sha256:0bdb0fd4c39f890819e25e48ac6562e93777b4aeef01ed237b01a1f608eefaf5
unbolt_version: 0.1.0
parts:
  608zz:
    file: pedal/608zz.step
    geometry_hash: unbolt-v0:aede1a2d1ab3e53bddabe2a1281c48c74e0428a0e2742b676fa1648eb1708369
    file_hash: sha256:f887ac6e41facd8cb2a5696a78fac717bed7f13e3d40a86b9afcdc4331461915
    file_mtime: 1776593494.1957507
    export_pose: &id001
      origin_mm: [13.0, 60.0, -140.000000000001]
      x_axis: [1.0, 0.0, 0.0]
      y_axis: [0.0, 1.0, 0.0]
      z_axis: [0.0, 0.0, 1.0]
  toe_break_body:
    file: pedal/toe_break_body.step
    geometry_hash: unbolt-v0:3e513793979b1a9e1244351618df8b2ceed4fbdbf2cadfda6e55b89e4a8682aa
    file_hash: sha256:3788f160a15e7551de550155ea91df7b82036e96d460320142ae32e65fe48ea7
    file_mtime: 1776593520.9893765
    export_pose: &id002
      origin_mm: [0.0, 0.0, 0.0]
      x_axis: [1.0, 0.0, 0.0]
      y_axis: [0.0, 1.0, 0.0]
      z_axis: [0.0, 0.0, 1.0]
  toe_break_endcap:
    file: pedal/toe_break_endcap.step
    geometry_hash: unbolt-v0:e352631487e06bcb5d35e7693f4a3591acd0468d708c70e3b89e21a7b70325a3
    file_hash: sha256:b2d9ef65eacfb2003d5fe34c354bdb916221a83af6565e3e11258b45d7280c5b
    file_mtime: 1776593537.4448128
    export_pose: &id003
      origin_mm: [156.0, 0.0, 0.0]
      x_axis: [-1.0, 0.0, 0.0]
      y_axis: [0.0, 1.0, 0.0]
      z_axis: [0.0, 0.0, -1.0]
  toe_break_endstop_extension:
    file: pedal/toe_break_endstop_extension.step
    geometry_hash: unbolt-v0:7eb4d90dd75fb66529268661da0e0b6c08b686b871df909707ef9d11fff72435
    file_hash: sha256:a1ea6ab64e89fd77f663a390ad34d64c87f03fbf112701e3f11d7f3e971361e6
    file_mtime: 1776593521.0333765
    export_pose: &id004
      origin_mm: [0.0, 0.0, 0.0]
      x_axis: [1.0, 0.0, 0.0]
      y_axis: [0.0, 1.0, 0.0]
      z_axis: [0.0, 0.0, 1.0]
  91290a196_alloy_steel_socket_head_screw:
    file: pedal/91290a196_alloy_steel_socket_head_screw.step
    geometry_hash: unbolt-v0:7106e3dffc88b7d96df614c0e33c7841e218038c4b4df595e08efd870986459f
    file_hash: sha256:3c8ea9c577e2d50ffe88e1b76d305b6840e037cfa78c301ac47d35f278cd97b6
    file_mtime: 1776593521.2973764
    export_pose: &id005
      origin_mm: [18.5, 27.949739079457, -151.626642332696]
      x_axis: [0.0, -0.422618261741, 0.906307787037]
      y_axis: [0.0, 0.906307787037, 0.422618261741]
      z_axis: [-1.0, 0.0, 0.0]
  shaft_retainer:
    file: pedal/shaft_retainer.step
    geometry_hash: unbolt-v0:6419d632a786d1a9b937821e398710aba2d88e06f335a9229d64cc60e387ebc1
    file_hash: sha256:86245962e17715e671ce1575e17687a17708584e6242c3ab247503fdf0e433b7
    file_mtime: 1776593482.3729506
    export_pose: &id006
      origin_mm: [0.0, 0.0, 0.0]
      x_axis: [1.0, 0.0, 0.0]
      y_axis: [0.0, 1.0, 0.0]
      z_axis: [0.0, 0.0, 1.0]
  bearing_separator:
    file: pedal/bearing_separator.step
    geometry_hash: unbolt-v0:5630721028cc9d6dbc80eed0791535e3e355cd87af57aa2a0b77d524e2f85f93
    file_hash: sha256:6648e634f109b43752efbc2956f5e762fd01a9ea2a1c11a504845d349186193c
    file_mtime: 1776593482.3773506
    export_pose: &id007
      origin_mm: [0.0, 0.0, 0.0]
      x_axis: [1.0, 0.0, 0.0]
      y_axis: [0.0, 1.0, 0.0]
      z_axis: [0.0, 0.0, 1.0]
  pedal_barrel:
    file: pedal/pedal_barrel.step
    geometry_hash: unbolt-v0:1e2e90e6c88bca725fba8222ab25fe2ef13a6f60539b8c3d8e3190d09220fe7d
    file_hash: sha256:92bec56f85ebc0d2104c366f8c773330d5f84e9010fbe71017943a426aca1178
    file_mtime: 1776593521.7637765
    export_pose: &id008
      origin_mm: [0.0, 0.0, 0.0]
      x_axis: [1.0, 0.0, 0.0]
      y_axis: [0.0, 1.0, 0.0]
      z_axis: [0.0, 0.0, 1.0]
  pedal_arm:
    file: pedal/pedal_arm.step
    geometry_hash: unbolt-v0:d8a8563a0c8b385ed8a972c3cdfe44a790a46fa66b293a992d3adadfc92e25a1
    file_hash: sha256:68a428909bd6383633731a4c1d5540192d34d65c2e185adc761b9a71d0338bb4
    file_mtime: 1776593537.4668126
    export_pose: &id009
      origin_mm: [0.0, 0.0, 0.0]
      x_axis: [1.0, 0.0, 0.0]
      y_axis: [0.0, 1.0, 0.0]
      z_axis: [0.0, 0.0, 1.0]
  8mm_rigid_flange_coupling_v2_f3d:
    file: pedal/8mm_rigid_flange_coupling_v2_f3d.step
    geometry_hash: unbolt-v0:e072efd04dcb1d4b7312b7c69fc34156656cdf4f05fd0725c531dbb909ea3dd9
    file_hash: sha256:4974d8e59f58aebc6641bb5ac8a898961fe1a95979900570e9f817b4b33ab8a2
    file_mtime: 1776593494.2133508
    export_pose: &id010
      origin_mm: [-5.0, 0.0, 0.0]
      x_axis: [0.0, 1.0, 0.0]
      y_axis: [-1.0, 0.0, 0.0]
      z_axis: [0.0, 0.0, 1.0]
  shaft_endcap:
    file: pedal/shaft_endcap.step
    geometry_hash: unbolt-v0:b107e14021fd57e0c8c44195592b0c37c016584a7e555a17f77456a1d5f2d8df
    file_hash: sha256:583d9356f6db5e2b824f20b16d2a302331cbc0d6a2bdf8eac910673ec933bdc5
    file_mtime: 1776593521.8429766
    export_pose: &id011
      origin_mm: [0.0, 0.0, 0.0]
      x_axis: [1.0, 0.0, 0.0]
      y_axis: [0.0, 1.0, 0.0]
      z_axis: [0.0, 0.0, 1.0]
  steel_shaft:
    file: pedal/steel_shaft.step
    geometry_hash: unbolt-v0:8cb041ed2b727e37e8520e5ae032bd890882623b4c3a23df542ef60a57f2dd7e
    file_hash: sha256:6f8a0406d79f35678d6bcc57804e0a2e6106ba92d97b4dec63aa90d11efa5225
    file_mtime: 1776593482.3025506
    export_pose: &id012
      origin_mm: [0.0, 0.0, 0.0]
      x_axis: [1.0, 0.0, 0.0]
      y_axis: [0.0, 1.0, 0.0]
      z_axis: [0.0, 0.0, 1.0]
assembly:
  raw_name: Pedal_v59
  children:
  - raw_name: Pedal
    children:
    - raw_name: 608ZZ
      part: 608zz
      pose: *id001
    - raw_name: 608ZZ
      part: 608zz
      pose:
        origin_mm: [136.0, 60.0, -140.0]
        x_axis: [1.0, 0.0, 0.0]
        y_axis: [0.0, 1.0, 0.0]
        z_axis: [0.0, 0.0, 1.0]
    - raw_name: Toe_Breaks
      children:
      - raw_name: Toe_Break_Body
        part: toe_break_body
        pose: *id002
      - raw_name: Toe_Break_Endcap
        part: toe_break_endcap
        pose: *id003
      - raw_name: Toe_Break_Endstop_Extension
        part: toe_break_endstop_extension
        pose: *id004
      - raw_name: 91290A196_Alloy_Steel_Socket_Head_Screw
        part: 91290a196_alloy_steel_socket_head_screw
        pose: *id005
    - raw_name: Shaft_Retainer
      part: shaft_retainer
      pose: *id006
    - raw_name: 608ZZ
      part: 608zz
      pose:
        origin_mm: [27.0, 60.0, -140.000000000001]
        x_axis: [1.0, 0.0, 0.0]
        y_axis: [0.0, 1.0, 0.0]
        z_axis: [0.0, 0.0, 1.0]
    - raw_name: Bearing_Separator
      part: bearing_separator
      pose: *id007
    - raw_name: 608ZZ
      part: 608zz
      pose:
        origin_mm: [125.0, 60.0, -140.000000000001]
        x_axis: [1.0, 0.0, 0.0]
        y_axis: [0.0, 1.0, 0.0]
        z_axis: [0.0, 0.0, 1.0]
    - raw_name: Pedal_Barrel
      part: pedal_barrel
      pose: *id008
  - raw_name: Arm
    children:
    - raw_name: Pedal_Arm
      part: pedal_arm
      pose: *id009
    - raw_name: 8mm_Rigid_Flange_Coupling_v2_f3d__v1
      part: 8mm_rigid_flange_coupling_v2_f3d
      pose: *id010
    - raw_name: 8mm_Rigid_Flange_Coupling_v2_f3d__v1
      part: 8mm_rigid_flange_coupling_v2_f3d
      pose:
        origin_mm: [0.0, 60.0, -140.0]
        x_axis: [0.0, -1.0, 0.0]
        y_axis: [1.0, 0.0, 0.0]
        z_axis: [0.0, 0.0, 1.0]
    - raw_name: Shaft_Endcap
      part: shaft_endcap
      pose: *id011
    - raw_name: Steel_Shaft
      part: steel_shaft
      pose: *id012
